Microsoft Visual Studio Solution File, Format Version 12.00
# Visual Studio Version 17
VisualStudioVersion = 17.5.2.0
MinimumVisualStudioVersion = 10.0.40219.1
Project("{9A19103F-16F7-4668-BE54-9A1E7A4F7556}") = "QualityBionicsRemastered", "Source\QualityBionicsRemastered\QualityBionicsRemastered.csproj", "{BF6F91F1-EBA4-5DA6-C59D-92CD2808FD17}"
EndProject
Project("{9A19103F-16F7-4668-BE54-9A1E7A4F7556}") = "QualityBionics", "Source\QualityBionics\QualityBionics.csproj", "{1B382AC1-6C12-0DCC-4D44-B39E4EB9BD90}"
EndProject
Global
	GlobalSection(SolutionConfigurationPlatforms) = preSolution
		Debug|Any CPU = Debug|Any CPU
		Release|Any CPU = Release|Any CPU
	EndGlobalSection
	GlobalSection(ProjectConfigurationPlatforms) = postSolution
		{BF6F91F1-EBA4-5DA6-C59D-92CD2808FD17}.Debug|Any CPU.ActiveCfg = Debug|Any CPU
		{BF6F91F1-EBA4-5DA6-C59D-92CD2808FD17}.Debug|Any CPU.Build.0 = Debug|Any CPU
		{BF6F91F1-EBA4-5DA6-C59D-92CD2808FD17}.Release|Any CPU.ActiveCfg = Release|Any CPU
		{BF6F91F1-EBA4-5DA6-C59D-92CD2808FD17}.Release|Any CPU.Build.0 = Release|Any CPU
		{1B382AC1-6C12-0DCC-4D44-B39E4EB9BD90}.Debug|Any CPU.ActiveCfg = Debug|Any CPU
		{1B382AC1-6C12-0DCC-4D44-B39E4EB9BD90}.Debug|Any CPU.Build.0 = Debug|Any CPU
		{1B382AC1-6C12-0DCC-4D44-B39E4EB9BD90}.Release|Any CPU.ActiveCfg = Release|Any CPU
		{1B382AC1-6C12-0DCC-4D44-B39E4EB9BD90}.Release|Any CPU.Build.0 = Release|Any CPU
	EndGlobalSection
	GlobalSection(SolutionProperties) = preSolution
		HideSolutionNode = FALSE
	EndGlobalSection
	GlobalSection(ExtensibilityGlobals) = postSolution
		SolutionGuid = {87F6628F-E830-4050-9D55-CC9D766D8A8C}
	EndGlobalSection
EndGlobal
